
Microsoft Visual Studio Solution File, Format Version 12.00
# Visual Studio 14
VisualStudioVersion = 14.0.25420.1
MinimumVisualStudioVersion = 10.0.40219.1
Project("{FAE04EC0-301F-11D3-BF4B-00C04F79EFBC}") = "TableSearch", "TableSearch\TableSearch.csproj", "{A15354AB-9783-47D0-8B7E-0B3EEB6FF9B1}"
EndProject
Project("{FAE04EC0-301F-11D3-BF4B-00C04F79EFBC}") = "DocumentSearch", "DocumentSearch\DocumentSearch.csproj", "{DEA23999-2673-418D-AEE2-43C84868C2A3}"
EndProject
Global
	GlobalSection(SolutionConfigurationPlatforms) = preSolution
		Debug|Any CPU = Debug|Any CPU
		Release|Any CPU = Release|Any CPU
	EndGlobalSection
	GlobalSection(ProjectConfigurationPlatforms) = postSolution
		{A15354AB-9783-47D0-8B7E-0B3EEB6FF9B1}.Debug|Any CPU.ActiveCfg = Debug|Any CPU
		{A15354AB-9783-47D0-8B7E-0B3EEB6FF9B1}.Debug|Any CPU.Build.0 = Debug|Any CPU
		{A15354AB-9783-47D0-8B7E-0B3EEB6FF9B1}.Release|Any CPU.ActiveCfg = Release|Any CPU
		{A15354AB-9783-47D0-8B7E-0B3EEB6FF9B1}.Release|Any CPU.Build.0 = Release|Any CPU
		{DEA23999-2673-418D-AEE2-43C84868C2A3}.Debug|Any CPU.ActiveCfg = Debug|Any CPU
		{DEA23999-2673-418D-AEE2-43C84868C2A3}.Debug|Any CPU.Build.0 = Debug|Any CPU
		{DEA23999-2673-418D-AEE2-43C84868C2A3}.Release|Any CPU.ActiveCfg = Release|Any CPU
		{DEA23999-2673-418D-AEE2-43C84868C2A3}.Release|Any CPU.Build.0 = Release|Any CPU
	EndGlobalSection
	GlobalSection(SolutionProperties) = preSolution
		HideSolutionNode = FALSE
	EndGlobalSection
EndGlobal
